{
  "version": "3",
  "packages": {
    "specifiers": {
      "jsr:@std/assert@0.216": "jsr:@std/assert@0.216.0",
      "jsr:@std/assert@^1.0.1": "jsr:@std/assert@1.0.1",
      "jsr:@std/async@^0.216.0": "jsr:@std/async@0.216.0",
      "jsr:@std/bytes@^1.0.1-rc.3": "jsr:@std/bytes@1.0.2",
      "jsr:@std/crypto@^1.0.2": "jsr:@std/crypto@1.0.2",
      "jsr:@std/data-structures@^0.216.0": "jsr:@std/data-structures@0.216.0",
      "jsr:@std/dotenv": "jsr:@std/dotenv@0.224.0",
      "jsr:@std/fmt@^0.216.0": "jsr:@std/fmt@0.216.0",
      "jsr:@std/fs@^1.0.0": "jsr:@std/fs@1.0.0",
      "jsr:@std/internal@^1.0.1": "jsr:@std/internal@1.0.1",
      "jsr:@std/io@^0.224.3": "jsr:@std/io@0.224.3",
      "jsr:@std/path@^1.0.2": "jsr:@std/path@1.0.2",
      "jsr:@std/testing@0.216": "jsr:@std/testing@0.216.0",
      "npm:jszip@^3.10.1": "npm:jszip@3.10.1",
      "npm:sql.js@^1.10.3": "npm:sql.js@1.10.3"
    },
    "jsr": {
      "@std/assert@0.216.0": {
        "integrity": "f65392edf3bec39e2d1028e51f1da549db81691034b244eaba83318a757c0c2e",
        "dependencies": [
          "jsr:@std/fmt@^0.216.0"
        ]
      },
      "@std/assert@1.0.1": {
        "integrity": "13590ef8e5854f59e4ad252fd987e83239a1bf1f16cb9c69c1d123ebb807a75b",
        "dependencies": [
          "jsr:@std/internal@^1.0.1"
        ]
      },
      "@std/async@0.216.0": {
        "integrity": "088ddf6c1f7ea16dd042a38d1d389a906b825f4a77050c4ec17dea5af0da6917"
      },
      "@std/bytes@1.0.2": {
        "integrity": "fbdee322bbd8c599a6af186a1603b3355e59a5fb1baa139f8f4c3c9a1b3e3d57"
      },
      "@std/crypto@1.0.2": {
        "integrity": "bb515dbcd4d67aacf0ffece643a434811ea06e5b544f03c33ba58552fbdb87c7"
      },
      "@std/data-structures@0.216.0": {
        "integrity": "405560b1edefb2285d9cb2b3704f3a40508586e7b1771e0996e1dbb12b1058f9"
      },
      "@std/dotenv@0.224.0": {
        "integrity": "d9234cdf551507dcda60abb6c474289843741d8c07ee8ce540c60f5c1b220a1d"
      },
      "@std/fmt@0.216.0": {
        "integrity": "0d8ef6f7c7fe3b6f2a9a6f5cdf65578cff231bb6e3d90f6b0dfc4b4e82a636dd"
      },
      "@std/fs@1.0.0": {
        "integrity": "d72e4a125af7168d717a2ed1dca77a728b422b0d138fd20579e3fa41a77da943",
        "dependencies": [
          "jsr:@std/path@^1.0.2"
        ]
      },
      "@std/internal@1.0.1": {
        "integrity": "6f8c7544d06a11dd256c8d6ba54b11ed870aac6c5aeafff499892662c57673e6"
      },
      "@std/io@0.224.3": {
        "integrity": "b402edeb99c6b3778d9ae3e9927bc9085b170b41e5a09bbb7064ab2ee394ae2f",
        "dependencies": [
          "jsr:@std/bytes@^1.0.1-rc.3"
        ]
      },
      "@std/path@1.0.2": {
        "integrity": "a452174603f8c620bd278a380c596437a9eef50c891c64b85812f735245d9ec7"
      },
      "@std/testing@0.216.0": {
        "integrity": "0280213b45c91b1617b883b9d9cd384eac1d183876c0e3664edaabd22b9ebfc3",
        "dependencies": [
          "jsr:@std/async@^0.216.0",
          "jsr:@std/data-structures@^0.216.0"
        ]
      }
    },
    "npm": {
      "core-util-is@1.0.3": {
        "integrity": "sha512-ZQBvi1DcpJ4GDqanjucZ2Hj3wEO5pZDS89BWbkcrvdxksJorwUDDZamX9ldFkp9aw2lmBDLgkObEA4DWNJ9FYQ==",
        "dependencies": {}
      },
      "immediate@3.0.6": {
        "integrity": "sha512-XXOFtyqDjNDAQxVfYxuF7g9Il/IbWmmlQg2MYKOH8ExIT1qg6xc4zyS3HaEEATgs1btfzxq15ciUiY7gjSXRGQ==",
        "dependencies": {}
      },
      "inherits@2.0.4": {
        "integrity": "sha512-k/vGaX4/Yla3WzyMCvTQOXYeIHvqOKtnqBduzTHpzpQZzAskKMhZ2K+EnBiSM9zGSoIFeMpXKxa4dYeZIQqewQ==",
        "dependencies": {}
      },
      "isarray@1.0.0": {
        "integrity": "sha512-VLghIWNM6ELQzo7zwmcg0NmTVyWKYjvIeM83yjp0wRDTmUnrM678fQbcKBo6n2CJEF0szoG//ytg+TKla89ALQ==",
        "dependencies": {}
      },
      "jszip@3.10.1": {
        "integrity": "sha512-xXDvecyTpGLrqFrvkrUSoxxfJI5AH7U8zxxtVclpsUtMCq4JQ290LY8AW5c7Ggnr/Y/oK+bQMbqK2qmtk3pN4g==",
        "dependencies": {
          "lie": "lie@3.3.0",
          "pako": "pako@1.0.11",
          "readable-stream": "readable-stream@2.3.8",
          "setimmediate": "setimmediate@1.0.5"
        }
      },
      "lie@3.3.0": {
        "integrity": "sha512-UaiMJzeWRlEujzAuw5LokY1L5ecNQYZKfmyZ9L7wDHb/p5etKaxXhohBcrw0EYby+G/NA52vRSN4N39dxHAIwQ==",
        "dependencies": {
          "immediate": "immediate@3.0.6"
        }
      },
      "pako@1.0.11": {
        "integrity": "sha512-4hLB8Py4zZce5s4yd9XzopqwVv/yGNhV1Bl8NTmCq1763HeK2+EwVTv+leGeL13Dnh2wfbqowVPXCIO0z4taYw==",
        "dependencies": {}
      },
      "process-nextick-args@2.0.1": {
        "integrity": "sha512-3ouUOpQhtgrbOa17J7+uxOTpITYWaGP7/AhoR3+A+/1e9skrzelGi/dXzEYyvbxubEF6Wn2ypscTKiKJFFn1ag==",
        "dependencies": {}
      },
      "readable-stream@2.3.8": {
        "integrity": "sha512-8p0AUk4XODgIewSi0l8Epjs+EVnWiK7NoDIEGU0HhE7+ZyY8D1IMY7odu5lRrFXGg71L15KG8QrPmum45RTtdA==",
        "dependencies": {
          "core-util-is": "core-util-is@1.0.3",
          "inherits": "inherits@2.0.4",
          "isarray": "isarray@1.0.0",
          "process-nextick-args": "process-nextick-args@2.0.1",
          "safe-buffer": "safe-buffer@5.1.2",
          "string_decoder": "string_decoder@1.1.1",
          "util-deprecate": "util-deprecate@1.0.2"
        }
      },
      "safe-buffer@5.1.2": {
        "integrity": "sha512-Gd2UZBJDkXlY7GbJxfsE8/nvKkUEU1G38c1siN6QP6a9PT9MmHB8GnpscSmMJSoF8LOIrt8ud/wPtojys4G6+g==",
        "dependencies": {}
      },
      "setimmediate@1.0.5": {
        "integrity": "sha512-MATJdZp8sLqDl/68LfQmbP8zKPLQNV6BIZoIgrscFDQ+RsvK/BxeDQOgyxKKoh0y/8h3BqVFnCqQ/gd+reiIXA==",
        "dependencies": {}
      },
      "sql.js@1.10.3": {
        "integrity": "sha512-H46aWtQkdyjZwFQgraUruy5h/DyJBbAK3EA/WEMqiqF6PGPfKBSKBj/er3dVyYqVIoYfRf5TFM/loEjtQIrqJg==",
        "dependencies": {}
      },
      "string_decoder@1.1.1": {
        "integrity": "sha512-n/ShnvDi6FHbbVfviro+WojiFzv+s8MPMHBczVePfUpDJLwoLT0ht1l4YwBCbi8pJAveEEdnkHyPyTP/mzRfwg==",
        "dependencies": {
          "safe-buffer": "safe-buffer@5.1.2"
        }
      },
      "util-deprecate@1.0.2": {
        "integrity": "sha512-EPD5q1uXyFxJpCrLnCc1nHnq3gOa6DZBocAIiI2TaSCA7VCJ1UJDMagCzIkXNsUYfD1daK//LTEQ8xiIbrHtcw==",
        "dependencies": {}
      }
    }
  },
  "remote": {},
  "workspace": {
    "dependencies": [
      "jsr:@std/assert@^1.0.1",
      "jsr:@std/crypto@^1.0.2",
      "jsr:@std/fs@^1.0.0",
      "jsr:@std/io@^0.224.3",
      "jsr:@std/path@^1.0.2",
      "jsr:@std/testing@^0.225.3",
      "npm:jszip@^3.10.1",
      "npm:sql.js@^1.10.3"
    ]
  }
}
