{
  "version": "3",
  "packages": {
    "specifiers": {
      "jsr:@flashcard/core@0.0.1": "jsr:@flashcard/core@0.0.1",
      "jsr:@std/assert@0.216": "jsr:@std/assert@0.216.0",
      "jsr:@std/assert@^0.216.0": "jsr:@std/assert@0.216.0",
      "jsr:@std/async@^0.216.0": "jsr:@std/async@0.216.0",
      "jsr:@std/bytes@^0.216.0": "jsr:@std/bytes@0.216.0",
      "jsr:@std/collections@0.216": "jsr:@std/collections@0.216.0",
      "jsr:@std/crypto@0.216": "jsr:@std/crypto@0.216.0",
      "jsr:@std/data-structures@^0.216.0": "jsr:@std/data-structures@0.216.0",
      "jsr:@std/encoding@^0.216.0": "jsr:@std/encoding@0.216.0",
      "jsr:@std/fmt@^0.216.0": "jsr:@std/fmt@0.216.0",
      "jsr:@std/fs@0.216": "jsr:@std/fs@0.216.0",
      "jsr:@std/fs@^0.216.0": "jsr:@std/fs@0.216.0",
      "jsr:@std/io@0.216": "jsr:@std/io@0.216.0",
      "jsr:@std/io@^0.216.0": "jsr:@std/io@0.216.0",
      "jsr:@std/path@0.216": "jsr:@std/path@0.216.0",
      "jsr:@std/path@^0.216.0": "jsr:@std/path@0.216.0",
      "jsr:@std/streams@0.216": "jsr:@std/streams@0.216.0",
      "jsr:@std/testing@0.216": "jsr:@std/testing@0.216.0",
      "npm:json-stringify-pretty-compact": "npm:json-stringify-pretty-compact@4.0.0",
      "npm:json-stringify-pretty-compact@4.0.0": "npm:json-stringify-pretty-compact@4.0.0",
      "npm:jszip": "npm:jszip@3.10.1",
      "npm:jszip@3.10.1": "npm:jszip@3.10.1",
      "npm:sql.js": "npm:sql.js@1.10.2",
      "npm:sql.js@1.10.2": "npm:sql.js@1.10.2"
    },
    "jsr": {
      "@flashcard/core@0.0.1": {
        "dependencies": [
          "jsr:@std/collections@0.216"
        ]
      },
      "@std/assert@0.216.0": {
        "dependencies": [
          "jsr:@std/fmt@^0.216.0"
        ]
      },
      "@std/async@0.216.0": {},
      "@std/bytes@0.216.0": {},
      "@std/collections@0.216.0": {},
      "@std/crypto@0.216.0": {
        "dependencies": [
          "jsr:@std/assert@^0.216.0",
          "jsr:@std/encoding@^0.216.0"
        ]
      },
      "@std/data-structures@0.216.0": {},
      "@std/encoding@0.216.0": {},
      "@std/fmt@0.216.0": {},
      "@std/fs@0.216.0": {
        "dependencies": [
          "jsr:@std/assert@^0.216.0",
          "jsr:@std/path@^0.216.0"
        ]
      },
      "@std/io@0.216.0": {
        "dependencies": [
          "jsr:@std/assert@^0.216.0",
          "jsr:@std/bytes@^0.216.0"
        ]
      },
      "@std/path@0.216.0": {
        "dependencies": [
          "jsr:@std/assert@^0.216.0"
        ]
      },
      "@std/streams@0.216.0": {
        "dependencies": [
          "jsr:@std/assert@^0.216.0",
          "jsr:@std/bytes@^0.216.0",
          "jsr:@std/io@^0.216.0"
        ]
      },
      "@std/testing@0.216.0": {
        "dependencies": [
          "jsr:@std/assert@^0.216.0",
          "jsr:@std/async@^0.216.0",
          "jsr:@std/data-structures@^0.216.0",
          "jsr:@std/fmt@^0.216.0",
          "jsr:@std/fs@^0.216.0",
          "jsr:@std/path@^0.216.0"
        ]
      }
    },
    "npm": {
      "core-util-is@1.0.3": {
        "integrity": "sha512-ZQBvi1DcpJ4GDqanjucZ2Hj3wEO5pZDS89BWbkcrvdxksJorwUDDZamX9ldFkp9aw2lmBDLgkObEA4DWNJ9FYQ==",
        "dependencies": {}
      },
      "immediate@3.0.6": {
        "integrity": "sha512-XXOFtyqDjNDAQxVfYxuF7g9Il/IbWmmlQg2MYKOH8ExIT1qg6xc4zyS3HaEEATgs1btfzxq15ciUiY7gjSXRGQ==",
        "dependencies": {}
      },
      "inherits@2.0.4": {
        "integrity": "sha512-k/vGaX4/Yla3WzyMCvTQOXYeIHvqOKtnqBduzTHpzpQZzAskKMhZ2K+EnBiSM9zGSoIFeMpXKxa4dYeZIQqewQ==",
        "dependencies": {}
      },
      "isarray@1.0.0": {
        "integrity": "sha512-VLghIWNM6ELQzo7zwmcg0NmTVyWKYjvIeM83yjp0wRDTmUnrM678fQbcKBo6n2CJEF0szoG//ytg+TKla89ALQ==",
        "dependencies": {}
      },
      "json-stringify-pretty-compact@4.0.0": {
        "integrity": "sha512-3CNZ2DnrpByG9Nqj6Xo8vqbjT4F6N+tb4Gb28ESAZjYZ5yqvmc56J+/kuIwkaAMOyblTQhUW7PxMkUb8Q36N3Q==",
        "dependencies": {}
      },
      "jszip@3.10.1": {
        "integrity": "sha512-xXDvecyTpGLrqFrvkrUSoxxfJI5AH7U8zxxtVclpsUtMCq4JQ290LY8AW5c7Ggnr/Y/oK+bQMbqK2qmtk3pN4g==",
        "dependencies": {
          "lie": "lie@3.3.0",
          "pako": "pako@1.0.11",
          "readable-stream": "readable-stream@2.3.8",
          "setimmediate": "setimmediate@1.0.5"
        }
      },
      "lie@3.3.0": {
        "integrity": "sha512-UaiMJzeWRlEujzAuw5LokY1L5ecNQYZKfmyZ9L7wDHb/p5etKaxXhohBcrw0EYby+G/NA52vRSN4N39dxHAIwQ==",
        "dependencies": {
          "immediate": "immediate@3.0.6"
        }
      },
      "pako@1.0.11": {
        "integrity": "sha512-4hLB8Py4zZce5s4yd9XzopqwVv/yGNhV1Bl8NTmCq1763HeK2+EwVTv+leGeL13Dnh2wfbqowVPXCIO0z4taYw==",
        "dependencies": {}
      },
      "process-nextick-args@2.0.1": {
        "integrity": "sha512-3ouUOpQhtgrbOa17J7+uxOTpITYWaGP7/AhoR3+A+/1e9skrzelGi/dXzEYyvbxubEF6Wn2ypscTKiKJFFn1ag==",
        "dependencies": {}
      },
      "readable-stream@2.3.8": {
        "integrity": "sha512-8p0AUk4XODgIewSi0l8Epjs+EVnWiK7NoDIEGU0HhE7+ZyY8D1IMY7odu5lRrFXGg71L15KG8QrPmum45RTtdA==",
        "dependencies": {
          "core-util-is": "core-util-is@1.0.3",
          "inherits": "inherits@2.0.4",
          "isarray": "isarray@1.0.0",
          "process-nextick-args": "process-nextick-args@2.0.1",
          "safe-buffer": "safe-buffer@5.1.2",
          "string_decoder": "string_decoder@1.1.1",
          "util-deprecate": "util-deprecate@1.0.2"
        }
      },
      "safe-buffer@5.1.2": {
        "integrity": "sha512-Gd2UZBJDkXlY7GbJxfsE8/nvKkUEU1G38c1siN6QP6a9PT9MmHB8GnpscSmMJSoF8LOIrt8ud/wPtojys4G6+g==",
        "dependencies": {}
      },
      "setimmediate@1.0.5": {
        "integrity": "sha512-MATJdZp8sLqDl/68LfQmbP8zKPLQNV6BIZoIgrscFDQ+RsvK/BxeDQOgyxKKoh0y/8h3BqVFnCqQ/gd+reiIXA==",
        "dependencies": {}
      },
      "sql.js@1.10.2": {
        "integrity": "sha512-jnKFtdHxuVUNgu1vHwFoTjjwfTuVDVqzGpw7H05Zq3YMNMDOpLFyFGvpgTRIQGd/mqcYntuMy7iygYCytD62jQ==",
        "dependencies": {}
      },
      "string_decoder@1.1.1": {
        "integrity": "sha512-n/ShnvDi6FHbbVfviro+WojiFzv+s8MPMHBczVePfUpDJLwoLT0ht1l4YwBCbi8pJAveEEdnkHyPyTP/mzRfwg==",
        "dependencies": {
          "safe-buffer": "safe-buffer@5.1.2"
        }
      },
      "util-deprecate@1.0.2": {
        "integrity": "sha512-EPD5q1uXyFxJpCrLnCc1nHnq3gOa6DZBocAIiI2TaSCA7VCJ1UJDMagCzIkXNsUYfD1daK//LTEQ8xiIbrHtcw==",
        "dependencies": {}
      }
    }
  },
  "remote": {
    "https://jsr.io/@flashcard/core/0.0.1/card.ts": "7f9a303cc0abc28bcdd80ca7a3519a8f68bf175a1cf83eef60f6c6c0ac33532f",
    "https://jsr.io/@flashcard/core/0.0.1/deck.ts": "d9f50068af53e93649ec51f4a58840af16c91d069dcfb959ec347b420624d936",
    "https://jsr.io/@flashcard/core/0.0.1/mod.ts": "7e3ef751bee6f629b9b6155aa154f07cc40b6d1accd92af0da1ddf10f20cc561",
    "https://jsr.io/@flashcard/core/0.0.1/note.ts": "c5dec6521f0cdddeb27284f1f20b6323259c1490c13de810e4d11fe482221dab",
    "https://jsr.io/@flashcard/core/0.0.1/template.ts": "7ccbef8fe9d36163bcccd1187e44ccf8cf6d384b58e5d29c18d2324769b3f394",
    "https://jsr.io/@flashcard/core/0.0.1/types.ts": "38dd20b5e5eb5d102697cc952596d746a4d831ad4ef2f8de210123cddd3c584e",
    "https://jsr.io/@std/assert/0.216.0/_constants.ts": "a271e8ef5a573f1df8e822a6eb9d09df064ad66a4390f21b3e31f820a38e0975",
    "https://jsr.io/@std/assert/0.216.0/_diff.ts": "f36cec514e55a67aca8d25af38cb264290d7e434b8a8749dcaaf445b9c445142",
    "https://jsr.io/@std/assert/0.216.0/_format.ts": "0ba808961bf678437fb486b56405b6fefad2cf87b5809667c781ddee8c32aff4",
    "https://jsr.io/@std/assert/0.216.0/assert.ts": "501b416473ec27c71885aaf819e363c8df617f89ce68ae57fec7acf9d62743b2",
    "https://jsr.io/@std/assert/0.216.0/assert_almost_equals.ts": "77a20a203abff37146dc029afd14e7cce9c9c085c25a107a5f075ed49b646db0",
    "https://jsr.io/@std/assert/0.216.0/assert_array_includes.ts": "9f511b9b57d48f1ff643259192a66f855b8075a8fb9d9f3cdefc0e008cfe3466",
    "https://jsr.io/@std/assert/0.216.0/assert_equals.ts": "f9fec706806b34dadd89dfa49277ba8ed35e0720f590071b0311e833fc8ccda2",
    "https://jsr.io/@std/assert/0.216.0/assert_exists.ts": "7ea6a5cbaf3ce2675adc863d11544ba0f0d6e61658c5f0a83b5aa999e48961f0",
    "https://jsr.io/@std/assert/0.216.0/assert_false.ts": "8941f89de0386609eb1749f334483d56420307997bbbba77a559c5fe7083a657",
    "https://jsr.io/@std/assert/0.216.0/assert_greater.ts": "441cfcab6ab8c06d6c54d5995d513a148c9ed7ec2d241c154e6a127b3f22f995",
    "https://jsr.io/@std/assert/0.216.0/assert_greater_or_equal.ts": "d841652741b8087235f3392abd6db387cc4ecfe91cbd9fbc721937789f325faa",
    "https://jsr.io/@std/assert/0.216.0/assert_instance_of.ts": "ab945d09a94ca382ac4e9044412a9414efe301ad0ae36b72c02159e7148321ed",
    "https://jsr.io/@std/assert/0.216.0/assert_is_error.ts": "93d49b83489d0b06b3fe72d16d309739e41ee6934d92e8776b0f799a95cf6666",
    "https://jsr.io/@std/assert/0.216.0/assert_less.ts": "282d39e91ce16e33d5b8352771d97c81d840f1810ba7b65b64332eba5b0f0c50",
    "https://jsr.io/@std/assert/0.216.0/assert_less_or_equal.ts": "a68b8ae9fa056449b63c8d3fb771fe8a3747d958877096e85839b75f3c581576",
    "https://jsr.io/@std/assert/0.216.0/assert_match.ts": "7395d0d84346d9a81695559d11afe890137f1c469bb5cafb6aba1a7faaf142f8",
    "https://jsr.io/@std/assert/0.216.0/assert_not_equals.ts": "b08ac1034e4b9aedff0bad798df7880c8f977019a90e98a5e0e4f88c7dfa6353",
    "https://jsr.io/@std/assert/0.216.0/assert_not_instance_of.ts": "340861128c5a03071247fdc6011b8499fd277d9faeb14306a4af9cd642a302c3",
    "https://jsr.io/@std/assert/0.216.0/assert_not_match.ts": "f09d94377a6403800f7d8602a70bce27d3d6ff699cd95e141b43c35c3b0e798d",
    "https://jsr.io/@std/assert/0.216.0/assert_not_strict_equals.ts": "1028e690746157783c44cd0d17d88d17a57ece9d387a8cc8e15aef291ac98258",
    "https://jsr.io/@std/assert/0.216.0/assert_object_match.ts": "9f02fd409595a8b656ec9f436fe012932e3729a58e8292e7c4c5b9b50266da5f",
    "https://jsr.io/@std/assert/0.216.0/assert_rejects.ts": "af2d87faafdf44a3af69fd9e8952d5a07707d2b6b8c413f46ec3b90227539b3a",
    "https://jsr.io/@std/assert/0.216.0/assert_strict_equals.ts": "22be546be0709cfb68529623a079b95692e3e9f2b402ee3f6b580a27d6a5e904",
    "https://jsr.io/@std/assert/0.216.0/assert_string_includes.ts": "c178bd97da03e2215494e729b2048ae68e780bf0b583a998a3bf808fbdb1eba2",
    "https://jsr.io/@std/assert/0.216.0/assert_throws.ts": "4209628c4fa3e569bb2924b289fad486f9e5feb0912bca6f60b484ddbfad7136",
    "https://jsr.io/@std/assert/0.216.0/assertion_error.ts": "dd027fb33707dbff22cd2ef9b55fdb70e2095876caf3c68ecfbb811505ecc022",
    "https://jsr.io/@std/assert/0.216.0/equal.ts": "166d9377ce8df4d53f676d9a568a13914c2323d9d3b2fd1096aafeb59f3c1edf",
    "https://jsr.io/@std/assert/0.216.0/fail.ts": "67579a1308b176d52756ded6d1e3149f87703648e59afc333ba5168fefeb8d7b",
    "https://jsr.io/@std/assert/0.216.0/mod.ts": "325df8c0683ad83a873b9691aa66b812d6275fc9fec0b2d180ac68a2c5efed3b",
    "https://jsr.io/@std/assert/0.216.0/unimplemented.ts": "ed3115f6fb271277e0522f3b18f020259900c385e3fa986f109a519a1cf25763",
    "https://jsr.io/@std/assert/0.216.0/unreachable.ts": "1e748f69f73c57f4de9ba1dba39306b86e0ad2c0915975608519a2bcf42c262f",
    "https://jsr.io/@std/async/0.216.0/delay.ts": "1492f2f9e2b03862e5f4b3aab78160c75b1e0023404d200d7151ae837d218723",
    "https://jsr.io/@std/bytes/0.216.0/concat.ts": "8142a1734fd445582be0d209d0def43c2a3c27370a0fd4b327187dd34b98d6eb",
    "https://jsr.io/@std/bytes/0.216.0/copy.ts": "e3331dc8b9175f1016b9ef6c1890f1b80770762e017b6ca08b9b764954d26def",
    "https://jsr.io/@std/collections/0.216.0/_utils.ts": "fc59674548a4dd9f5c3cc4f99f9c264aa521a52c1a4ff56b0263713e57e79206",
    "https://jsr.io/@std/collections/0.216.0/intersect.ts": "58d8ae4602f119e465a3084cc982f1b91ea7cb864d519fe9b86f3ca6872f6962",
    "https://jsr.io/@std/crypto/0.216.0/_fnv/fnv32.ts": "ba2c5ef976b9f047d7ce2d33dfe18671afc75154bcf20ef89d932b2fe8820535",
    "https://jsr.io/@std/crypto/0.216.0/_fnv/fnv64.ts": "580cadfe2ff333fe253d15df450f927c8ac7e408b704547be26aab41b5772558",
    "https://jsr.io/@std/crypto/0.216.0/_fnv/mod.ts": "8dbb60f062a6e77b82f7a62ac11fabfba52c3cd408c21916b130d8f57a880f96",
    "https://jsr.io/@std/crypto/0.216.0/_fnv/util.ts": "27b36ce3440d0a180af6bf1cfc2c326f68823288540a354dc1d636b781b9b75f",
    "https://jsr.io/@std/crypto/0.216.0/_wasm/lib/deno_std_wasm_crypto.generated.mjs": "76c727912539737def4549bb62a96897f37eb334b979f49c57b8af7a1617635e",
    "https://jsr.io/@std/crypto/0.216.0/_wasm/mod.ts": "c55f91473846827f077dfd7e5fc6e2726dee5003b6a5747610707cdc638a22ba",
    "https://jsr.io/@std/crypto/0.216.0/crypto.ts": "2a326b02c5440bf37837a3339445dcad161de9eddf8a3702430513e7405c2f6a",
    "https://jsr.io/@std/crypto/0.216.0/mod.ts": "7e7971e8abd90addbb02640e43c124e28d10b07e88b61851049c40fc2b5eb04b",
    "https://jsr.io/@std/crypto/0.216.0/timing_safe_equal.ts": "de7d8522c1eac898b92c804fe78b6d707b1a4085a704eea0024a1696abdb99a9",
    "https://jsr.io/@std/crypto/0.216.0/unstable_keystack.ts": "d4b34153be688de8408e205241588a7e3d6507bf5a2b69d00f23794255408632",
    "https://jsr.io/@std/data-structures/0.216.0/_binary_search_node.ts": "ce1da11601fef0638df4d1e53c377f791f96913383277389286b390685d76c07",
    "https://jsr.io/@std/data-structures/0.216.0/_red_black_node.ts": "c35830a4c60d04fad80e54e991ca6570bbe00a0a7a78d37450efc396fa51eaaf",
    "https://jsr.io/@std/data-structures/0.216.0/binary_search_tree.ts": "a63a089e701503f1359e8447c75ea59ec8c0ff34646068103debf029f48d00d1",
    "https://jsr.io/@std/data-structures/0.216.0/comparators.ts": "74e64752f005f03614d9bd4912ea64c58d2e663b5d8c9dba6e2e2997260f51eb",
    "https://jsr.io/@std/data-structures/0.216.0/red_black_tree.ts": "f0dbef3d9f8033a2fda3324e91a14055a99983aae219eb72dd93f0233bd844c8",
    "https://jsr.io/@std/encoding/0.216.0/_util.ts": "beacef316c1255da9bc8e95afb1fa56ed69baef919c88dc06ae6cb7a6103d376",
    "https://jsr.io/@std/encoding/0.216.0/base64.ts": "4b3bde3c0d699cc0fae6e5bd119ab3a8b9b05293e0053140faa340a30b01e4bc",
    "https://jsr.io/@std/encoding/0.216.0/base64url.ts": "10e7bf34757d64a77b2592c37f5ab279ea96c3971199ee1d113113597d2123b0",
    "https://jsr.io/@std/fmt/0.216.0/colors.ts": "85fab9452ef08d5db723cae5202b95b3e072fe7639cf4608426b665e136af4da",
    "https://jsr.io/@std/fs/0.216.0/_create_walk_entry.ts": "0b9da44dd72d67b8460961ee8efb2eb41fee7af8ec6c96fb35baf3a1dd05aeb7",
    "https://jsr.io/@std/fs/0.216.0/_get_file_info_type.ts": "da7bec18a7661dba360a1db475b826b18977582ce6fc9b25f3d4ee0403fe8cbd",
    "https://jsr.io/@std/fs/0.216.0/_is_same_path.ts": "5a0364b1b0e7ad80cbd28298519e1006ff7800c72d02afd6c6be92d2473c5505",
    "https://jsr.io/@std/fs/0.216.0/_is_subdir.ts": "22f4763160a6cef434af1c0ec21532ef064dc069b568722ccbe88691c8479af0",
    "https://jsr.io/@std/fs/0.216.0/_to_path_string.ts": "6a443949b36f65f488201ac31b2d658d5d34a354f151e738163c31ebd5231dd6",
    "https://jsr.io/@std/fs/0.216.0/copy.ts": "c00433d070d63c39d1d969ab34583cda38f2cf290866adfaabf594accc2d19ee",
    "https://jsr.io/@std/fs/0.216.0/empty_dir.ts": "5efccea1513f1916a9de9c5f8c710c99c9e886c844e81fc8fb067c85daeecfca",
    "https://jsr.io/@std/fs/0.216.0/ensure_dir.ts": "a6c127285f5bdfe10e6ff5b55ff7f9b5c7f67c74d3dcfe66081c5780a5e1ee85",
    "https://jsr.io/@std/fs/0.216.0/ensure_file.ts": "18a46406bf8e46b116a05a183f1909a579fcca6d22f82a2eb188e9a9b59f261d",
    "https://jsr.io/@std/fs/0.216.0/ensure_link.ts": "e990675b12d9a03e6fc4ecd7246b568089fe79d6b88bcaba5767f9bbbba3c90f",
    "https://jsr.io/@std/fs/0.216.0/ensure_symlink.ts": "ed8f28c1080e2f556b33d49ce9a6537f552985733625d8a811988bacf2e4d469",
    "https://jsr.io/@std/fs/0.216.0/eol.ts": "d560d5e3cc3a1acff483f1339d7de31ca6025808b2c499a8b246984b84282e0b",
    "https://jsr.io/@std/fs/0.216.0/exists.ts": "e636a0e535793d8677095e7a75308eda47cc4c784f83c4e2beaa90825a5b84de",
    "https://jsr.io/@std/fs/0.216.0/expand_glob.ts": "fbd5039575400d53e75239cd358bd339efd903ae9540a7b78acc873683af5835",
    "https://jsr.io/@std/fs/0.216.0/mod.ts": "107f5afa4424c2d3ce2f7e9266173198da30302c69af662c720115fe504dc5ee",
    "https://jsr.io/@std/fs/0.216.0/move.ts": "8301ee1883b3d5e0eda7c5b670e7fe5ca9ac98fe74258551ec513d222c1af85f",
    "https://jsr.io/@std/fs/0.216.0/walk.ts": "af39be7600b441e7452355039df4d29dc7c650fee2d969b08fb896db26e3a61f",
    "https://jsr.io/@std/io/0.216.0/_common.ts": "36705cdb4dfcd338d6131bca1b16e48a4d5bf0d1dada6ce397268e88c17a5835",
    "https://jsr.io/@std/io/0.216.0/_constants.ts": "3c7ad4695832e6e4a32e35f218c70376b62bc78621ef069a4a0a3d55739f8856",
    "https://jsr.io/@std/io/0.216.0/buf_reader.ts": "48f6822d2604ac57b68144d783493155d822328a30f4aba00aa76f653f199446",
    "https://jsr.io/@std/io/0.216.0/buf_writer.ts": "6ab40d7bd394c002225afb7a663b2773886f6813806119192991d3a7b0cc1d41",
    "https://jsr.io/@std/io/0.216.0/buffer.ts": "8d44ba1d7a5029d35f388ff43b0f010b0d40a96aa6a841e93e8246f01e9e1d68",
    "https://jsr.io/@std/io/0.216.0/copy.ts": "578c68959575333b6aaac52686e92ee97a9bcc655ad2d40830c76fa233d9bb8b",
    "https://jsr.io/@std/io/0.216.0/copy_n.ts": "d7588079a22e91723b8cdb98da06977a4d764ace01de4364c9230da6bb072f4b",
    "https://jsr.io/@std/io/0.216.0/limited_reader.ts": "a8d8ac4f0c4edaf9f2c347f215a46eb711d85cd436d5ee3727c6d17014650857",
    "https://jsr.io/@std/io/0.216.0/mod.ts": "571384032c5f60530542a28f2e8b0e73e47e87eca77056ba7e2363f4d4a4573a",
    "https://jsr.io/@std/io/0.216.0/multi_reader.ts": "554cd275113a50e7db894a09489d5958162c28596369170f32d43c9a86008c3a",
    "https://jsr.io/@std/io/0.216.0/read_all.ts": "5c6d730f4b7bed75c899d74ed69dd5c909b97abf087fb692a4f92d2a835be8b1",
    "https://jsr.io/@std/io/0.216.0/read_delim.ts": "c20c467cab87499a84b7bf9cf09ba3244c4e3441883047d3bf0bb2c617f9b26f",
    "https://jsr.io/@std/io/0.216.0/read_int.ts": "0f052bc70706307be6bc06597e052135f274b1f187c9c58bd85cbf5b7a81724f",
    "https://jsr.io/@std/io/0.216.0/read_lines.ts": "ea8d7eb7526340113db944754d86d0eb2b66649dfcdaf2b8e11027aff0333c94",
    "https://jsr.io/@std/io/0.216.0/read_long.ts": "eddeea1cb3cffcff2687d94c72b958190fda6a54cf740af97e5c2583bbb46933",
    "https://jsr.io/@std/io/0.216.0/read_range.ts": "a64bf04ce8512d17439f8c32ab58d82233b200c6b8183a1f48e696c1b5569f06",
    "https://jsr.io/@std/io/0.216.0/read_short.ts": "05f9761376befd7ff34ee0d32b9fab67c9085fe495995a651793150eb690dd6b",
    "https://jsr.io/@std/io/0.216.0/read_string_delim.ts": "2da6add0a59da74ff7065e243b2efe6bae3b4efddc42cad8bf31d23c81955d1f",
    "https://jsr.io/@std/io/0.216.0/slice_long_to_bytes.ts": "9708b9c1bab66385015f699cbc43effb6c281797b44f91a062c865bce38245d8",
    "https://jsr.io/@std/io/0.216.0/string_reader.ts": "ab6bcce763344f03b445f9ba8e5693ddfb436ce2a55c9066bb77f9c20a4202c1",
    "https://jsr.io/@std/io/0.216.0/string_writer.ts": "00232688f8ceef1bb3c5cec1fb032499860ebc2253b3a00eac972c4cce1b4e6f",
    "https://jsr.io/@std/io/0.216.0/to_readable_stream.ts": "693cd7ffd0b03f9dc80da9ecc5e0c2ced87a638f48b55504b20e276ab95db8ac",
    "https://jsr.io/@std/io/0.216.0/to_writable_stream.ts": "f3564c59f54dbe3b9a6e53df93a640a5bf835b9f16d14bdb6ab489efd304de7b",
    "https://jsr.io/@std/io/0.216.0/types.ts": "78b187e0c9d5932de9a9f1e6bba12b43a8463d7486c13e471c516ad82012f330",
    "https://jsr.io/@std/io/0.216.0/write_all.ts": "18303de726d1276da2a2eda9bcacce4408d356e0eb83ba3c2f545dc3d1e8a518",
    "https://jsr.io/@std/path/0.216.0/_common/assert_path.ts": "2ca275f36ac1788b2acb60fb2b79cb06027198bc2ba6fb7e163efaedde98c297",
    "https://jsr.io/@std/path/0.216.0/_common/basename.ts": "569744855bc8445f3a56087fd2aed56bdad39da971a8d92b138c9913aecc5fa2",
    "https://jsr.io/@std/path/0.216.0/_common/common.ts": "6157c7ec1f4db2b4a9a187efd6ce76dcaf1e61cfd49f87e40d4ea102818df031",
    "https://jsr.io/@std/path/0.216.0/_common/constants.ts": "dc5f8057159f4b48cd304eb3027e42f1148cf4df1fb4240774d3492b5d12ac0c",
    "https://jsr.io/@std/path/0.216.0/_common/dirname.ts": "684df4aa71a04bbcc346c692c8485594fc8a90b9408dfbc26ff32cf3e0c98cc8",
    "https://jsr.io/@std/path/0.216.0/_common/format.ts": "ef04423fd59d06dc027a4ccbe9eaa7b59c32f9d76e434d9debec43b7283e228e",
    "https://jsr.io/@std/path/0.216.0/_common/from_file_url.ts": "d672bdeebc11bf80e99bf266f886c70963107bdd31134c4e249eef51133ceccf",
    "https://jsr.io/@std/path/0.216.0/_common/glob_to_reg_exp.ts": "2007aa87bed6eb2c8ae8381adcc3125027543d9ec347713c1ad2c68427330770",
    "https://jsr.io/@std/path/0.216.0/_common/normalize.ts": "684df4aa71a04bbcc346c692c8485594fc8a90b9408dfbc26ff32cf3e0c98cc8",
    "https://jsr.io/@std/path/0.216.0/_common/normalize_string.ts": "dfdf657a1b1a7db7999f7c575ee7e6b0551d9c20f19486c6c3f5ff428384c965",
    "https://jsr.io/@std/path/0.216.0/_common/relative.ts": "faa2753d9b32320ed4ada0733261e3357c186e5705678d9dd08b97527deae607",
    "https://jsr.io/@std/path/0.216.0/_common/strip_trailing_separators.ts": "7024a93447efcdcfeaa9339a98fa63ef9d53de363f1fbe9858970f1bba02655a",
    "https://jsr.io/@std/path/0.216.0/_common/to_file_url.ts": "7f76adbc83ece1bba173e6e98a27c647712cab773d3f8cbe0398b74afc817883",
    "https://jsr.io/@std/path/0.216.0/_interface.ts": "a1419fcf45c0ceb8acdccc94394e3e94f99e18cfd32d509aab514c8841799600",
    "https://jsr.io/@std/path/0.216.0/_os.ts": "8fb9b90fb6b753bd8c77cfd8a33c2ff6c5f5bc185f50de8ca4ac6a05710b2c15",
    "https://jsr.io/@std/path/0.216.0/basename.ts": "5d341aadb7ada266e2280561692c165771d071c98746fcb66da928870cd47668",
    "https://jsr.io/@std/path/0.216.0/common.ts": "4c80da2ee5563eb31f87cf7d21879db90d614a3fae83358670625e4b90342745",
    "https://jsr.io/@std/path/0.216.0/constants.ts": "0c206169ca104938ede9da48ac952de288f23343304a1c3cb6ec7625e7325f36",
    "https://jsr.io/@std/path/0.216.0/dirname.ts": "85bd955bf31d62c9aafdd7ff561c4b5fb587d11a9a5a45e2b01aedffa4238a7c",
    "https://jsr.io/@std/path/0.216.0/extname.ts": "593303db8ae8c865cbd9ceec6e55d4b9ac5410c1e276bfd3131916591b954441",
    "https://jsr.io/@std/path/0.216.0/format.ts": "98fad25f1af7b96a48efb5b67378fcc8ed77be895df8b9c733b86411632162af",
    "https://jsr.io/@std/path/0.216.0/from_file_url.ts": "7c87244ca07e4065cb024016b03d012facb856cc7aed089d9b6f1e4ea6152316",
    "https://jsr.io/@std/path/0.216.0/glob_to_regexp.ts": "5e51f78a0248c75464bf1d49173de3ec2c032880a530578e56b3fed2a57e69d3",
    "https://jsr.io/@std/path/0.216.0/is_absolute.ts": "4791afc8bfd0c87f0526eaa616b0d16e7b3ab6a65b62942e50eac68de4ef67d7",
    "https://jsr.io/@std/path/0.216.0/is_glob.ts": "a65f6195d3058c3050ab905705891b412ff942a292bcbaa1a807a74439a14141",
    "https://jsr.io/@std/path/0.216.0/join.ts": "ae2ec5ca44c7e84a235fd532e4a0116bfb1f2368b394db1c4fb75e3c0f26a33a",
    "https://jsr.io/@std/path/0.216.0/join_globs.ts": "5b3bf248b93247194f94fa6947b612ab9d3abd571ca8386cf7789038545e54a0",
    "https://jsr.io/@std/path/0.216.0/mod.ts": "66d574090f2453c12a07e18115a16bfecc6cfed39e7d557869087af64f0e8e94",
    "https://jsr.io/@std/path/0.216.0/normalize.ts": "4155743ccceeed319b350c1e62e931600272fad8ad00c417b91df093867a8352",
    "https://jsr.io/@std/path/0.216.0/normalize_glob.ts": "cc89a77a7d3b1d01053b9dcd59462b75482b11e9068ae6c754b5cf5d794b374f",
    "https://jsr.io/@std/path/0.216.0/parse.ts": "65e8e285f1a63b714e19ef24b68f56e76934c3df0b6e65fd440d3991f4f8aefb",
    "https://jsr.io/@std/path/0.216.0/posix/_util.ts": "b24abdfa97820d3a9dc696bf7947c35ac2cf5d836c16ae20592a8dc0757321a3",
    "https://jsr.io/@std/path/0.216.0/posix/basename.ts": "265d3360c49c1af372a10891518b785fc2ae138f019892c89642e1f1c523b2dc",
    "https://jsr.io/@std/path/0.216.0/posix/common.ts": "4c896e6e9357f33c3ffe027cb13cb2ccf5dbe3575604b43c195befffb0f40b2b",
    "https://jsr.io/@std/path/0.216.0/posix/constants.ts": "93481efb98cdffa4c719c22a0182b994e5a6aed3047e1962f6c2c75b7592bef1",
    "https://jsr.io/@std/path/0.216.0/posix/dirname.ts": "ecdaeec17d5fdd00da89bb05962e209c7aa41ad4967279bc8662c0bb3a243b2f",
    "https://jsr.io/@std/path/0.216.0/posix/extname.ts": "b1400d9d0ac2160accda327790c93daa4ee8325b87f4c4d9b21887e7c8fd73db",
    "https://jsr.io/@std/path/0.216.0/posix/format.ts": "47318e54ac8cd2e9c35ef2a143d02c198ce093e31f9789b6ecb95cbc60fec71b",
    "https://jsr.io/@std/path/0.216.0/posix/from_file_url.ts": "dc4a092de0d117d94bfd54390b4bc360ea1c68d4a1e42d2ea94d6fe75b483c37",
    "https://jsr.io/@std/path/0.216.0/posix/glob_to_regexp.ts": "4db789540039ea4c75f1ba8182c43fc2965a019df3c26a825945642452e8bf75",
    "https://jsr.io/@std/path/0.216.0/posix/is_absolute.ts": "e7147b25e786abb51dd888eca89d2fd3770c41e6bd556d19db26cca348fb78a4",
    "https://jsr.io/@std/path/0.216.0/posix/is_glob.ts": "135ac8b1e647f673ea650fb713e2d9c42d0108c29cae3a2b77399fec0dae8864",
    "https://jsr.io/@std/path/0.216.0/posix/join.ts": "1bbf0d9303160d4b9be76161d0ef73d67198cf7bf66e84d88eb560abc492070f",
    "https://jsr.io/@std/path/0.216.0/posix/join_globs.ts": "52589b26215d134a6d95b592ae1c1cf35ab670e62c97053c632003c23c5aa0e9",
    "https://jsr.io/@std/path/0.216.0/posix/mod.ts": "43111128c93add2f61503dafd41c97e9b3e5ada9f15fc5f26f5c779f1615de4b",
    "https://jsr.io/@std/path/0.216.0/posix/normalize.ts": "9b9f666159c0e5ee3df292cf56555547b1be4cd3ca54da6a263a3074b8e44964",
    "https://jsr.io/@std/path/0.216.0/posix/normalize_glob.ts": "5b6fa8264f0f3663ee4b30034f783973d7a530bdd0ad8ee37a566f2b2a65ee71",
    "https://jsr.io/@std/path/0.216.0/posix/parse.ts": "96aad4733eb1091db6b3de423f23c25a2ac3e3a5b29b35c3ee808b123eef73e5",
    "https://jsr.io/@std/path/0.216.0/posix/relative.ts": "f0617bf5614ac45462d71d8d03a5bbe3db9f5aaadc9e470a560013d0416d4cc0",
    "https://jsr.io/@std/path/0.216.0/posix/resolve.ts": "00f39f36478ad11b64604ad9b508b137a930aae2423e757ba53ec5f11a919ee1",
    "https://jsr.io/@std/path/0.216.0/posix/to_file_url.ts": "e1c2f7b256100610ae85a443f89404f4b5d730d882c388a76b8e4fa1ecfc5ac7",
    "https://jsr.io/@std/path/0.216.0/posix/to_namespaced_path.ts": "28b216b3c76f892a4dca9734ff1cc0045d135532bfd9c435ae4858bfa5a2ebf0",
    "https://jsr.io/@std/path/0.216.0/relative.ts": "ab739d727180ed8727e34ed71d976912461d98e2b76de3d3de834c1066667add",
    "https://jsr.io/@std/path/0.216.0/resolve.ts": "a6f977bdb4272e79d8d0ed4333e3d71367cc3926acf15ac271f1d059c8494d8d",
    "https://jsr.io/@std/path/0.216.0/to_file_url.ts": "ce1a439e03377882e58f06ef43ef2259d483bab235d1eb727f1637b0a6bd7070",
    "https://jsr.io/@std/path/0.216.0/to_namespaced_path.ts": "b706a4103b104cfadc09600a5f838c2ba94dbcdb642344557122dda444526e40",
    "https://jsr.io/@std/path/0.216.0/windows/_util.ts": "8f491fe68728772ce98d3bdf54dcd89c823d5ecd2bec6153c343a95843f625ca",
    "https://jsr.io/@std/path/0.216.0/windows/basename.ts": "20179a24e3b4a8d5d957f0b6c5515d1d05c47c7e5824d595844f3ff5558e6e5b",
    "https://jsr.io/@std/path/0.216.0/windows/common.ts": "4c896e6e9357f33c3ffe027cb13cb2ccf5dbe3575604b43c195befffb0f40b2b",
    "https://jsr.io/@std/path/0.216.0/windows/constants.ts": "5afaac0a1f67b68b0a380a4ef391bf59feb55856aa8c60dfc01bd3b6abb813f5",
    "https://jsr.io/@std/path/0.216.0/windows/dirname.ts": "f5aee3cff1830aa804bee6b947c51a667dfc713b339923d884e590cffdf5d8e0",
    "https://jsr.io/@std/path/0.216.0/windows/extname.ts": "297ff46e51d75b97d4096cf5664471dca65b529f557c2e6e08aec3f2441767bf",
    "https://jsr.io/@std/path/0.216.0/windows/format.ts": "8986f9e9b1cd48b404aa7c3873bfb976a9af08eeb40a58f1001a8d887d0dfe14",
    "https://jsr.io/@std/path/0.216.0/windows/from_file_url.ts": "d67e4c8e7453597bf8071da6a995d6c9ad41f3c30192dc6494a25beb14647ff7",
    "https://jsr.io/@std/path/0.216.0/windows/glob_to_regexp.ts": "5a9251ea357ec619f8b370a87e3ec010f36ceb9a0112973b6a1122684b72ccdb",
    "https://jsr.io/@std/path/0.216.0/windows/is_absolute.ts": "d3534d9fd5680d4c6895bbb59193335e5753cdef875f095297be66eb96f2f530",
    "https://jsr.io/@std/path/0.216.0/windows/is_glob.ts": "135ac8b1e647f673ea650fb713e2d9c42d0108c29cae3a2b77399fec0dae8864",
    "https://jsr.io/@std/path/0.216.0/windows/join.ts": "f5dfbc962646b40cd3168a67e494f027b421eff4b7649a462392595efbfdc2e2",
    "https://jsr.io/@std/path/0.216.0/windows/join_globs.ts": "52589b26215d134a6d95b592ae1c1cf35ab670e62c97053c632003c23c5aa0e9",
    "https://jsr.io/@std/path/0.216.0/windows/mod.ts": "43111128c93add2f61503dafd41c97e9b3e5ada9f15fc5f26f5c779f1615de4b",
    "https://jsr.io/@std/path/0.216.0/windows/normalize.ts": "f5d8b971161eff7b4f8e45c7520cbb0c6553ccff7c4b3ced2dfe0d6ad46a2328",
    "https://jsr.io/@std/path/0.216.0/windows/normalize_glob.ts": "5bce9621a3562265bd3279f9b3b388611e19cf9f2c3521b0d8dbf18267e3b050",
    "https://jsr.io/@std/path/0.216.0/windows/parse.ts": "c63488c9d581576f955eaa8c4ab09c165b8d922ec3911b302c31331c8303973f",
    "https://jsr.io/@std/path/0.216.0/windows/relative.ts": "366eb25bd3469433e47dd4cac52d03048d5e27e8a89e059217065d3afa4e7e71",
    "https://jsr.io/@std/path/0.216.0/windows/resolve.ts": "671e70d150bd933832ffcf02e97572fdfbb8ed199082bdabdf4e92d3e898636e",
    "https://jsr.io/@std/path/0.216.0/windows/to_file_url.ts": "cdead9ba8f1e4062c3c45a7c9fa6384e209b734526b4c6ab36ce2f17339367f5",
    "https://jsr.io/@std/path/0.216.0/windows/to_namespaced_path.ts": "96dd0d55d484905e06553fd7d5feb6b3e4c0c99c337fda4199b6c32bce44833a",
    "https://jsr.io/@std/streams/0.216.0/_common.ts": "4f9f2958d853b9a456be033631dabb7519daa68ee4d02caf53e2ecbffaf5805f",
    "https://jsr.io/@std/streams/0.216.0/buffer.ts": "8ed229c1be3fcf78c39d39b7cf5bc7040edcc792fce43a29c65a9ef8512a30fe",
    "https://jsr.io/@std/streams/0.216.0/byte_slice_stream.ts": "563d9c92c3bf244b0cbc5f502d70c214b5a7073afda26535875a86a7fb90346f",
    "https://jsr.io/@std/streams/0.216.0/delimiter_stream.ts": "57bb193b11d5104302c8ac8936fe97d1ed5b8a535940944a251deaae9828f972",
    "https://jsr.io/@std/streams/0.216.0/early_zip_readable_streams.ts": "58bf38f2b190253bb11a82faa2de137437e7a5cb6e130e87b9b4917e6dc6f25a",
    "https://jsr.io/@std/streams/0.216.0/iterate_reader.ts": "e50e99201812452e3fe9ab4e10fa39cf1646e3af91ce0d85223c91fac63bad7d",
    "https://jsr.io/@std/streams/0.216.0/limited_bytes_transform_stream.ts": "96b5f876eded4702955dceb5ad069e164693ad8f69e4b7b9510c97378985f72a",
    "https://jsr.io/@std/streams/0.216.0/limited_transform_stream.ts": "102afa4e1ba09bceaa4e28f8f7c4681319d41631169793a6f48478c7d53917d7",
    "https://jsr.io/@std/streams/0.216.0/merge_readable_streams.ts": "fb87b64c19c790edf0e6dae4af616d5bf7ee7aae3df23c84d506fb4c9cbb49d9",
    "https://jsr.io/@std/streams/0.216.0/mod.ts": "d56624832b9649b680c74ab9c77e746e8be81ae1a24756cc04623e25a0d43ce9",
    "https://jsr.io/@std/streams/0.216.0/readable_stream_from_reader.ts": "ae1c50133403d7aae49f405fd9d619f7db1aaef74d2d2256b9de96c59b717415",
    "https://jsr.io/@std/streams/0.216.0/reader_from_iterable.ts": "6b81ff78b6526756e53a67e188a42d5e724ff0d3770c7ff662c5c468665ac074",
    "https://jsr.io/@std/streams/0.216.0/reader_from_stream_reader.ts": "b1396e21c58cb5149ad4913063a6d3c266803af3e99ece370c04fefdc3202de7",
    "https://jsr.io/@std/streams/0.216.0/text_delimiter_stream.ts": "fecfa37b83b9d57296ec6c83637f15c82b76d0e52cd9b46352cc9862ca454f01",
    "https://jsr.io/@std/streams/0.216.0/text_line_stream.ts": "38a33d22a14a3841602123aec53c2c29c30554f75686c8ab4e54a07879716007",
    "https://jsr.io/@std/streams/0.216.0/to_array_buffer.ts": "8870826c20fc9d61e72565ccbb2ea3f3579b3505945474f03ade6b40ba032743",
    "https://jsr.io/@std/streams/0.216.0/to_blob.ts": "b76dd0a25822cb775260c5e8f0567242a89344085d188a00cca51e0852e944a0",
    "https://jsr.io/@std/streams/0.216.0/to_json.ts": "26efd1952ec9fc0802b18c9dcad54ef0db50c3e3ea1552f971ea0b257cacdb39",
    "https://jsr.io/@std/streams/0.216.0/to_text.ts": "3cb84a100de1edd9e308a9383785d4033ea44933b858e67418b2cf89cb4e288e",
    "https://jsr.io/@std/streams/0.216.0/to_transform_stream.ts": "84dcac14850118b614036324c052db83e49244c6ce3b03566ef08bc69ff4eccc",
    "https://jsr.io/@std/streams/0.216.0/writable_stream_from_writer.ts": "70aa7c3d67cd91277e0157ea324f323d072852c94dd6100f12d46cb3eca8ce97",
    "https://jsr.io/@std/streams/0.216.0/writer_from_stream_writer.ts": "2454e50026ed395f353c57607c1370e9aa80caf6cd6344f0d986630756696161",
    "https://jsr.io/@std/streams/0.216.0/zip_readable_streams.ts": "5050c5f2cda62d3e5ec3e3c824e21a9bac92ce4eef45390da6e780f7228c7020",
    "https://jsr.io/@std/testing/0.216.0/_time.ts": "fefd1ff35b50a410db9b0e7227e05163e1b172c88afd0d2071df0125958c3ff3",
    "https://jsr.io/@std/testing/0.216.0/snapshot.ts": "96e60a0d8cc56333e7f87e0d0496078cfde67772d7d5f093f6703dff0d80f442",
    "https://jsr.io/@std/testing/0.216.0/time.ts": "61b6f16a19a1ac6db3bca94b7a6c0c54ca97e8a6d7861388b0a1c1dee867df44"
  }
}
