{
  "version": "3",
  "packages": {
    "specifiers": {
      "jsr:@flashcard/core@0.0.3": "jsr:@flashcard/core@0.0.3",
      "jsr:@std/assert@0.216": "jsr:@std/assert@0.216.0",
      "jsr:@std/async@^0.216.0": "jsr:@std/async@0.216.0",
      "jsr:@std/data-structures@^0.216.0": "jsr:@std/data-structures@0.216.0",
      "jsr:@std/fmt@^0.216.0": "jsr:@std/fmt@0.216.0",
      "jsr:@std/testing@0.216": "jsr:@std/testing@0.216.0"
    },
    "jsr": {
      "@flashcard/core@0.0.3": {
        "integrity": "d3a14db7ddfb95529f61f801711555d7c577f97d6a1bc4eae0e66f3fdd69b39c"
      },
      "@std/assert@0.216.0": {
        "integrity": "f65392edf3bec39e2d1028e51f1da549db81691034b244eaba83318a757c0c2e",
        "dependencies": [
          "jsr:@std/fmt@^0.216.0"
        ]
      },
      "@std/async@0.216.0": {
        "integrity": "088ddf6c1f7ea16dd042a38d1d389a906b825f4a77050c4ec17dea5af0da6917"
      },
      "@std/data-structures@0.216.0": {
        "integrity": "405560b1edefb2285d9cb2b3704f3a40508586e7b1771e0996e1dbb12b1058f9"
      },
      "@std/fmt@0.216.0": {
        "integrity": "0d8ef6f7c7fe3b6f2a9a6f5cdf65578cff231bb6e3d90f6b0dfc4b4e82a636dd"
      },
      "@std/testing@0.216.0": {
        "integrity": "0280213b45c91b1617b883b9d9cd384eac1d183876c0e3664edaabd22b9ebfc3",
        "dependencies": [
          "jsr:@std/async@^0.216.0",
          "jsr:@std/data-structures@^0.216.0"
        ]
      }
    }
  },
  "remote": {}
}
